{
  "name": "threes",
  "version": "0.1.0",
  "lockfileVersion": 2,
  "requires": true,
  "packages": {
    "": {
      "version": "0.1.0",
      "dependencies": {
        "@babylonjs/core": "^4.2.0",
        "@babylonjs/gui": "^4.2.0",
        "@babylonjs/loaders": "^4.2.0",
        "ammo.js": "github:kripken/ammo.js"
      },
      "devDependencies": {
        "@types/node": "^12.20.15",
        "ammojs-typed": "^1.0.6",
        "typescript": "^4.3.4"
      }
    },
    "node_modules/@babylonjs/core": {
      "version": "4.2.0",
      "resolved": "https://registry.npmjs.org/@babylonjs/core/-/core-4.2.0.tgz",
      "integrity": "sha512-sZQigPvMDc0pcgwlKvTF5gsMzGwT8gelQIOyxELrohdFu12pHGhIr61+yVxxq9tpCdzyYD9kS8LM0w2y+5ypkg==",
      "dependencies": {
        "tslib": ">=1.10.0"
      },
      "engines": {
        "node": "*"
      }
    },
    "node_modules/@babylonjs/gui": {
      "version": "4.2.0",
      "resolved": "https://registry.npmjs.org/@babylonjs/gui/-/gui-4.2.0.tgz",
      "integrity": "sha512-AQnqwFDmQ05FAw4B0BPVUFqWgdSKVI23qVHm/uOOMBQhMo8+WE2pTNATm6Qw/HDVLCp5qUjwIij/3JtG5s0fBw==",
      "dependencies": {
        "@babylonjs/core": "4.2.0",
        "tslib": ">=1.10.0"
      },
      "engines": {
        "node": "*"
      }
    },
    "node_modules/@babylonjs/loaders": {
      "version": "4.2.0",
      "resolved": "https://registry.npmjs.org/@babylonjs/loaders/-/loaders-4.2.0.tgz",
      "integrity": "sha512-feCmp4I+suBNLko3wGFNZpDg1Bqt9NxEuhKZ+epmaIWSqKEQAMhDvdehcq9vETTVKULkzRGZdDrZmEX0weG80g==",
      "dependencies": {
        "@babylonjs/core": "4.2.0",
        "babylonjs-gltf2interface": "4.2.0",
        "tslib": ">=1.10.0"
      },
      "engines": {
        "node": "*"
      }
    },
    "node_modules/@types/node": {
      "version": "12.20.15",
      "resolved": "https://registry.npmjs.org/@types/node/-/node-12.20.15.tgz",
      "integrity": "sha512-F6S4Chv4JicJmyrwlDkxUdGNSplsQdGwp1A0AJloEVDirWdZOAiRHhovDlsFkKUrquUXhz1imJhXHsf59auyAg==",
      "dev": true
    },
    "node_modules/ammo.js": {
      "version": "0.0.2",
      "resolved": "git+ssh://git@github.com/kripken/ammo.js.git#c40aee525f2e3d4d2917938bf4e0b21d27f40d3c"
    },
    "node_modules/ammojs-typed": {
      "version": "1.0.6",
      "resolved": "https://registry.npmjs.org/ammojs-typed/-/ammojs-typed-1.0.6.tgz",
      "integrity": "sha512-ut/tD0m5eEdlJ5KK97ma6SIEGZ4FN3AJTSVz8wl6C4EtnpVQdP70lOwgDMJKsHjTohxc2/xEZl6yJfMBZNlQ5w==",
      "dev": true
    },
    "node_modules/babylonjs-gltf2interface": {
      "version": "4.2.0",
      "resolved": "https://registry.npmjs.org/babylonjs-gltf2interface/-/babylonjs-gltf2interface-4.2.0.tgz",
      "integrity": "sha512-Fn/ThxwZWP9kEAqk+9FX9CAeF4ah/I0/8wzAZR8MQuYqlYpEfM+E/IztJ+4LoOOxQYMWNs5lgj8OXSkX0tqc4g==",
      "engines": {
        "node": "*"
      }
    },
    "node_modules/tslib": {
      "version": "2.3.0",
      "resolved": "https://registry.npmjs.org/tslib/-/tslib-2.3.0.tgz",
      "integrity": "sha512-N82ooyxVNm6h1riLCoyS9e3fuJ3AMG2zIZs2Gd1ATcSFjSA23Q0fzjjZeh0jbJvWVDZ0cJT8yaNNaaXHzueNjg=="
    },
    "node_modules/typescript": {
      "version": "4.3.4",
      "resolved": "https://registry.npmjs.org/typescript/-/typescript-4.3.4.tgz",
      "integrity": "sha512-uauPG7XZn9F/mo+7MrsRjyvbxFpzemRjKEZXS4AK83oP2KKOJPvb+9cO/gmnv8arWZvhnjVOXz7B49m1l0e9Ew==",
      "dev": true,
      "bin": {
        "tsc": "bin/tsc",
        "tsserver": "bin/tsserver"
      },
      "engines": {
        "node": ">=4.2.0"
      }
    }
  },
  "dependencies": {
    "@babylonjs/core": {
      "version": "4.2.0",
      "resolved": "https://registry.npmjs.org/@babylonjs/core/-/core-4.2.0.tgz",
      "integrity": "sha512-sZQigPvMDc0pcgwlKvTF5gsMzGwT8gelQIOyxELrohdFu12pHGhIr61+yVxxq9tpCdzyYD9kS8LM0w2y+5ypkg==",
      "requires": {
        "tslib": ">=1.10.0"
      }
    },
    "@babylonjs/gui": {
      "version": "4.2.0",
      "resolved": "https://registry.npmjs.org/@babylonjs/gui/-/gui-4.2.0.tgz",
      "integrity": "sha512-AQnqwFDmQ05FAw4B0BPVUFqWgdSKVI23qVHm/uOOMBQhMo8+WE2pTNATm6Qw/HDVLCp5qUjwIij/3JtG5s0fBw==",
      "requires": {
        "@babylonjs/core": "4.2.0",
        "tslib": ">=1.10.0"
      }
    },
    "@babylonjs/loaders": {
      "version": "4.2.0",
      "resolved": "https://registry.npmjs.org/@babylonjs/loaders/-/loaders-4.2.0.tgz",
      "integrity": "sha512-feCmp4I+suBNLko3wGFNZpDg1Bqt9NxEuhKZ+epmaIWSqKEQAMhDvdehcq9vETTVKULkzRGZdDrZmEX0weG80g==",
      "requires": {
        "@babylonjs/core": "4.2.0",
        "babylonjs-gltf2interface": "4.2.0",
        "tslib": ">=1.10.0"
      }
    },
    "@types/node": {
      "version": "12.20.15",
      "resolved": "https://registry.npmjs.org/@types/node/-/node-12.20.15.tgz",
      "integrity": "sha512-F6S4Chv4JicJmyrwlDkxUdGNSplsQdGwp1A0AJloEVDirWdZOAiRHhovDlsFkKUrquUXhz1imJhXHsf59auyAg==",
      "dev": true
    },
    "ammo.js": {
      "version": "git+ssh://git@github.com/kripken/ammo.js.git#c40aee525f2e3d4d2917938bf4e0b21d27f40d3c",
      "from": "ammo.js@github:kripken/ammo.js"
    },
    "ammojs-typed": {
      "version": "1.0.6",
      "resolved": "https://registry.npmjs.org/ammojs-typed/-/ammojs-typed-1.0.6.tgz",
      "integrity": "sha512-ut/tD0m5eEdlJ5KK97ma6SIEGZ4FN3AJTSVz8wl6C4EtnpVQdP70lOwgDMJKsHjTohxc2/xEZl6yJfMBZNlQ5w==",
      "dev": true
    },
    "babylonjs-gltf2interface": {
      "version": "4.2.0",
      "resolved": "https://registry.npmjs.org/babylonjs-gltf2interface/-/babylonjs-gltf2interface-4.2.0.tgz",
      "integrity": "sha512-Fn/ThxwZWP9kEAqk+9FX9CAeF4ah/I0/8wzAZR8MQuYqlYpEfM+E/IztJ+4LoOOxQYMWNs5lgj8OXSkX0tqc4g=="
    },
    "tslib": {
      "version": "2.3.0",
      "resolved": "https://registry.npmjs.org/tslib/-/tslib-2.3.0.tgz",
      "integrity": "sha512-N82ooyxVNm6h1riLCoyS9e3fuJ3AMG2zIZs2Gd1ATcSFjSA23Q0fzjjZeh0jbJvWVDZ0cJT8yaNNaaXHzueNjg=="
    },
    "typescript": {
      "version": "4.3.4",
      "resolved": "https://registry.npmjs.org/typescript/-/typescript-4.3.4.tgz",
      "integrity": "sha512-uauPG7XZn9F/mo+7MrsRjyvbxFpzemRjKEZXS4AK83oP2KKOJPvb+9cO/gmnv8arWZvhnjVOXz7B49m1l0e9Ew==",
      "dev": true
    }
  }
}
